<?xml version="1.0" encoding="utf-8"?>
<Project ToolsVersion="4.0" xmlns="http://schemas.microsoft.com/developer/msbuild/2003">
  <ItemGroup>
    <Filter Include="Fichiers sources">
      <UniqueIdentifier>{4FC737F1-C7A5-4376-A066-2A32D752A2FF}</UniqueIdentifier>
      <Extensions>cpp;c;cc;cxx;c++;cppm;ixx;def;odl;idl;hpj;bat;asm;asmx</Extensions>
    </Filter>
    <Filter Include="Fichiers d%27en-tête">
      <UniqueIdentifier>{93995380-89BD-4b04-88EB-625FBE52EBFB}</UniqueIdentifier>
      <Extensions>h;hh;hpp;hxx;h++;hm;inl;inc;ipp;xsd</Extensions>
    </Filter>
    <Filter Include="Fichiers de ressources">
      <UniqueIdentifier>{67DA6AB6-F800-4c08-8B7A-83BB121AAD01}</UniqueIdentifier>
      <Extensions>rc;ico;cur;bmp;dlg;rc2;rct;bin;rgs;gif;jpg;jpeg;jpe;resx;tiff;tif;png;wav;mfcribbon-ms</Extensions>
    </Filter>
    <Filter Include="Fichiers sources\Game">
      <UniqueIdentifier>{4cf87b35-77b9-48c4-8734-d08bd87db7e0}</UniqueIdentifier>
    </Filter>
    <Filter Include="Fichiers sources\Game\Table">
      <UniqueIdentifier>{e7b6df3b-01bf-4290-b774-a5933028fcb8}</UniqueIdentifier>
    </Filter>
    <Filter Include="Fichiers sources\Game\Graphic">
      <UniqueIdentifier>{f5a10c13-fd1f-408d-ba2e-fa34ba2f12d2}</UniqueIdentifier>
    </Filter>
    <Filter Include="Fichiers d%27en-tête\Game">
      <UniqueIdentifier>{e9eac07d-8485-488a-903d-8b6a1a3fdb4b}</UniqueIdentifier>
    </Filter>
    <Filter Include="Fichiers d%27en-tête\Game\Graphic">
      <UniqueIdentifier>{007f23dd-0a27-45e2-9364-8bf4dbf3e320}</UniqueIdentifier>
    </Filter>
    <Filter Include="Fichiers d%27en-tête\Game\Table">
      <UniqueIdentifier>{2e59f0a1-d521-4b0c-8667-f22bd3316242}</UniqueIdentifier>
    </Filter>
    <Filter Include="Fichiers d%27en-tête\Utils">
      <UniqueIdentifier>{79fd1fd8-b883-48b4-a0a5-a52fb09153a0}</UniqueIdentifier>
    </Filter>
    <Filter Include="Fichiers sources\Integration">
      <UniqueIdentifier>{4d60cd54-107e-475f-8c78-6afa271bdf63}</UniqueIdentifier>
    </Filter>
    <Filter Include="Fichiers d%27en-tête\Integration">
      <UniqueIdentifier>{61fc44a6-8918-40c6-b556-7599094a3927}</UniqueIdentifier>
    </Filter>
  </ItemGroup>
  <ItemGroup>
    <ClCompile Include="2048.cpp">
      <Filter>Fichiers sources</Filter>
    </ClCompile>
    <ClCompile Include="game.cpp">
      <Filter>Fichiers sources\Game</Filter>
    </ClCompile>
    <ClCompile Include="table.cpp">
      <Filter>Fichiers sources\Game\Table</Filter>
    </ClCompile>
    <ClCompile Include="cell.cpp">
      <Filter>Fichiers sources\Game\Table</Filter>
    </ClCompile>
    <ClCompile Include="cmd.cpp">
      <Filter>Fichiers sources\Game\Graphic</Filter>
    </ClCompile>
    <ClCompile Include="test.cpp">
      <Filter>Fichiers sources\Integration</Filter>
    </ClCompile>
    <ClCompile Include="colors.cpp">
      <Filter>Fichiers sources\Game\Graphic</Filter>
    </ClCompile>
    <ClCompile Include="gameObject.cpp">
      <Filter>Fichiers sources\Game\Graphic</Filter>
    </ClCompile>
    <ClCompile Include="window.cpp">
      <Filter>Fichiers sources\Game\Graphic</Filter>
    </ClCompile>
    <ClCompile Include="vect.cpp">
      <Filter>Fichiers sources\Game\Graphic</Filter>
    </ClCompile>
    <ClCompile Include="dbColors.cpp">
      <Filter>Fichiers sources\Game\Graphic</Filter>
    </ClCompile>
  </ItemGroup>
  <ItemGroup>
    <ClInclude Include="2048.h">
      <Filter>Fichiers d%27en-tête</Filter>
    </ClInclude>
    <ClInclude Include="game.h">
      <Filter>Fichiers d%27en-tête\Game</Filter>
    </ClInclude>
    <ClInclude Include="cell.h">
      <Filter>Fichiers d%27en-tête\Game\Table</Filter>
    </ClInclude>
    <ClInclude Include="table.h">
      <Filter>Fichiers d%27en-tête\Game\Table</Filter>
    </ClInclude>
    <ClInclude Include="cmd.h">
      <Filter>Fichiers d%27en-tête\Game\Graphic</Filter>
    </ClInclude>
    <ClInclude Include="test.h">
      <Filter>Fichiers d%27en-tête\Integration</Filter>
    </ClInclude>
    <ClInclude Include="colors.h">
      <Filter>Fichiers d%27en-tête\Game\Graphic</Filter>
    </ClInclude>
    <ClInclude Include="window.h">
      <Filter>Fichiers d%27en-tête\Game\Graphic</Filter>
    </ClInclude>
    <ClInclude Include="gameObject.h">
      <Filter>Fichiers d%27en-tête\Game\Graphic</Filter>
    </ClInclude>
    <ClInclude Include="vect.h">
      <Filter>Fichiers d%27en-tête\Game\Graphic</Filter>
    </ClInclude>
    <ClInclude Include="dbColors.h">
      <Filter>Fichiers d%27en-tête</Filter>
    </ClInclude>
  </ItemGroup>
</Project>